// !$*UTF8*$!
{
	archiveVersion = 1;
	classes = {
	};
	objectVersion = 50;
	objects = {

/* Begin PBXBuildFile section */
		A411964E2589E10600EFA17F /* AppDelegate.swift in Sources */ = {isa = PBXBuildFile; fileRef = A411964D2589E10600EFA17F /* AppDelegate.swift */; };
		A41196502589E10600EFA17F /* SceneDelegate.swift in Sources */ = {isa = PBXBuildFile; fileRef = A411964F2589E10600EFA17F /* SceneDelegate.swift */; };
		A41196522589E10600EFA17F /* ViewController.swift in Sources */ = {isa = PBXBuildFile; fileRef = A41196512589E10600EFA17F /* ViewController.swift */; };
		A41196552589E10600EFA17F /* Main.storyboard in Resources */ = {isa = PBXBuildFile; fileRef = A41196532589E10600EFA17F /* Main.storyboard */; };
		A41196582589E10600EFA17F /* HigherOrderFunctions.xcdatamodeld in Sources */ = {isa = PBXBuildFile; fileRef = A41196562589E10600EFA17F /* HigherOrderFunctions.xcdatamodeld */; };
		A411965A2589E10900EFA17F /* Assets.xcassets in Resources */ = {isa = PBXBuildFile; fileRef = A41196592589E10900EFA17F /* Assets.xcassets */; };
		A411965D2589E10900EFA17F /* LaunchScreen.storyboard in Resources */ = {isa = PBXBuildFile; fileRef = A411965B2589E10900EFA17F /* LaunchScreen.storyboard */; };
/* End PBXBuildFile section */

/* Begin PBXFileReference section */
		A411964A2589E10600EFA17F /* HigherOrderFunctions.app */ = {isa = PBXFileReference; explicitFileType = wrapper.application; includeInIndex = 0; path = HigherOrderFunctions.app; sourceTree = BUILT_PRODUCTS_DIR; };
		A411964D2589E10600EFA17F /* AppDelegate.swift */ = {isa = PBXFileReference; lastKnownFileType = sourcecode.swift; path = AppDelegate.swift; sourceTree = "<group>"; };
		A411964F2589E10600EFA17F /* SceneDelegate.swift */ = {isa = PBXFileReference; lastKnownFileType = sourcecode.swift; path = SceneDelegate.swift; sourceTree = "<group>"; };
		A41196512589E10600EFA17F /* ViewController.swift */ = {isa = PBXFileReference; lastKnownFileType = sourcecode.swift; path = ViewController.swift; sourceTree = "<group>"; };
		A41196542589E10600EFA17F /* Base */ = {isa = PBXFileReference; lastKnownFileType = file.storyboard; name = Base; path = Base.lproj/Main.storyboard; sourceTree = "<group>"; };
		A41196572589E10600EFA17F /* HigherOrderFunctions.xcdatamodel */ = {isa = PBXFileReference; lastKnownFileType = wrapper.xcdatamodel; path = HigherOrderFunctions.xcdatamodel; sourceTree = "<group>"; };
		A41196592589E10900EFA17F /* Assets.xcassets */ = {isa = PBXFileReference; lastKnownFileType = folder.assetcatalog; path = Assets.xcassets; sourceTree = "<group>"; };
		A411965C2589E10900EFA17F /* Base */ = {isa = PBXFileReference; lastKnownFileType = file.storyboard; name = Base; path = Base.lproj/LaunchScreen.storyboard; sourceTree = "<group>"; };
		A411965E2589E10900EFA17F /* Info.plist */ = {isa = PBXFileReference; lastKnownFileType = text.plist.xml; path = Info.plist; sourceTree = "<group>"; };
/* End PBXFileReference section */

/* Begin PBXFrameworksBuildPhase section */
		A41196472589E10600EFA17F /* Frameworks */ = {
			isa = PBXFrameworksBuildPhase;
			buildActionMask = 2147483647;
			files = (
			);
			runOnlyForDeploymentPostprocessing = 0;
		};
/* End PBXFrameworksBuildPhase section */

/* Begin PBXGroup section */
		A41196412589E10500EFA17F = {
			isa = PBXGroup;
			children = (
				A411964C2589E10600EFA17F /* HigherOrderFunctions */,
				A411964B2589E10600EFA17F /* Products */,
			);
			sourceTree = "<group>";
		};
		A411964B2589E10600EFA17F /* Products */ = {
			isa = PBXGroup;
			children = (
				A411964A2589E10600EFA17F /* HigherOrderFunctions.app */,
			);
			name = Products;
			sourceTree = "<group>";
		};
		A411964C2589E10600EFA17F /* HigherOrderFunctions */ = {
			isa = PBXGroup;
			children = (
				A411964D2589E10600EFA17F /* AppDelegate.swift */,
				A411964F2589E10600EFA17F /* SceneDelegate.swift */,
				A41196512589E10600EFA17F /* ViewController.swift */,
				A41196532589E10600EFA17F /* Main.storyboard */,
				A41196592589E10900EFA17F /* Assets.xcassets */,
				A411965B2589E10900EFA17F /* LaunchScreen.storyboard */,
				A411965E2589E10900EFA17F /* Info.plist */,
				A41196562589E10600EFA17F /* HigherOrderFunctions.xcdatamodeld */,
			);
			path = HigherOrderFunctions;
			sourceTree = "<group>";
		};
/* End PBXGroup section */

/* Begin PBXNativeTarget section */
		A41196492589E10600EFA17F /* HigherOrderFunctions */ = {
			isa = PBXNativeTarget;
			buildConfigurationList = A41196612589E10900EFA17F /* Build configuration list for PBXNativeTarget "HigherOrderFunctions" */;
			buildPhases = (
				A41196462589E10600EFA17F /* Sources */,
				A41196472589E10600EFA17F /* Frameworks */,
				A41196482589E10600EFA17F /* Resources */,
			);
			buildRules = (
			);
			dependencies = (
			);
			name = HigherOrderFunctions;
			productName = HigherOrderFunctions;
			productReference = A411964A2589E10600EFA17F /* HigherOrderFunctions.app */;
			productType = "com.apple.product-type.application";
		};
/* End PBXNativeTarget section */

/* Begin PBXProject section */
		A41196422589E10600EFA17F /* Project object */ = {
			isa = PBXProject;
			attributes = {
				LastSwiftUpdateCheck = 1220;
				LastUpgradeCheck = 1220;
				TargetAttributes = {
					A41196492589E10600EFA17F = {
						CreatedOnToolsVersion = 12.2;
					};
				};
			};
			buildConfigurationList = A41196452589E10600EFA17F /* Build configuration list for PBXProject "HigherOrderFunctions" */;
			compatibilityVersion = "Xcode 9.3";
			developmentRegion = en;
			hasScannedForEncodings = 0;
			knownRegions = (
				en,
				Base,
			);
			mainGroup = A41196412589E10500EFA17F;
			productRefGroup = A411964B2589E10600EFA17F /* Products */;
			projectDirPath = "";
			projectRoot = "";
			targets = (
				A41196492589E10600EFA17F /* HigherOrderFunctions */,
			);
		};
/* End PBXProject section */

/* Begin PBXResourcesBuildPhase section */
		A41196482589E10600EFA17F /* Resources */ = {
			isa = PBXResourcesBuildPhase;
			buildActionMask = 2147483647;
			files = (
				A411965D2589E10900EFA17F /* LaunchScreen.storyboard in Resources */,
				A411965A2589E10900EFA17F /* Assets.xcassets in Resources */,
				A41196552589E10600EFA17F /* Main.storyboard in Resources */,
			);
			runOnlyForDeploymentPostprocessing = 0;
		};
/* End PBXResourcesBuildPhase section */

/* Begin PBXSourcesBuildPhase section */
		A41196462589E10600EFA17F /* Sources */ = {
			isa = PBXSourcesBuildPhase;
			buildActionMask = 2147483647;
			files = (
				A41196522589E10600EFA17F /* ViewController.swift in Sources */,
				A411964E2589E10600EFA17F /* AppDelegate.swift in Sources */,
				A41196502589E10600EFA17F /* SceneDelegate.swift in Sources */,
				A41196582589E10600EFA17F /* HigherOrderFunctions.xcdatamodeld in Sources */,
			);
			runOnlyForDeploymentPostprocessing = 0;
		};
/* End PBXSourcesBuildPhase section */

/* Begin PBXVariantGroup section */
		A41196532589E10600EFA17F /* Main.storyboard */ = {
			isa = PBXVariantGroup;
			children = (
				A41196542589E10600EFA17F /* Base */,
			);
			name = Main.storyboard;
			sourceTree = "<group>";
		};
		A411965B2589E10900EFA17F /* LaunchScreen.storyboard */ = {
			isa = PBXVariantGroup;
			children = (
				A411965C2589E10900EFA17F /* Base */,
			);
			name = LaunchScreen.storyboard;
			sourceTree = "<group>";
		};
/* End PBXVariantGroup section */

/* Begin XCBuildConfiguration section */
		A411965F2589E10900EFA17F /* Debug */ = {
			isa = XCBuildConfiguration;
			buildSettings = {
				ALWAYS_SEARCH_USER_PATHS = NO;
				CLANG_ANALYZER_NONNULL = YES;
				CLANG_ANALYZER_NUMBER_OBJECT_CONVERSION = YES_AGGRESSIVE;
				CLANG_CXX_LANGUAGE_STANDARD = "gnu++14";
				CLANG_CXX_LIBRARY = "libc++";
				CLANG_ENABLE_MODULES = YES;
				CLANG_ENABLE_OBJC_ARC = YES;
				CLANG_ENABLE_OBJC_WEAK = YES;
				CLANG_WARN_BLOCK_CAPTURE_AUTORELEASING = YES;
				CLANG_WARN_BOOL_CONVERSION = YES;
				CLANG_WARN_COMMA = YES;
				CLANG_WARN_CONSTANT_CONVERSION = YES;
				CLANG_WARN_DEPRECATED_OBJC_IMPLEMENTATIONS = YES;
				CLANG_WARN_DIRECT_OBJC_ISA_USAGE = YES_ERROR;
				CLANG_WARN_DOCUMENTATION_COMMENTS = YES;
				CLANG_WARN_EMPTY_BODY = YES;
				CLANG_WARN_ENUM_CONVERSION = YES;
				CLANG_WARN_INFINITE_RECURSION = YES;
				CLANG_WARN_INT_CONVERSION = YES;
				CLANG_WARN_NON_LITERAL_NULL_CONVERSION = YES;
				CLANG_WARN_OBJC_IMPLICIT_RETAIN_SELF = YES;
				CLANG_WARN_OBJC_LITERAL_CONVERSION = YES;
				CLANG_WARN_OBJC_ROOT_CLASS = YES_ERROR;
				CLANG_WARN_QUOTED_INCLUDE_IN_FRAMEWORK_HEADER = YES;
				CLANG_WARN_RANGE_LOOP_ANALYSIS = YES;
				CLANG_WARN_STRICT_PROTOTYPES = YES;
				CLANG_WARN_SUSPICIOUS_MOVE = YES;
				CLANG_WARN_UNGUARDED_AVAILABILITY = YES_AGGRESSIVE;
				CLANG_WARN_UNREACHABLE_CODE = YES;
				CLANG_WARN__DUPLICATE_METHOD_MATCH = YES;
				COPY_PHASE_STRIP = NO;
				DEBUG_INFORMATION_FORMAT = dwarf;
				ENABLE_STRICT_OBJC_MSGSEND = YES;
				ENABLE_TESTABILITY = YES;
				GCC_C_LANGUAGE_STANDARD = gnu11;
				GCC_DYNAMIC_NO_PIC = NO;
				GCC_NO_COMMON_BLOCKS = YES;
				GCC_OPTIMIZATION_LEVEL = 0;
				GCC_PREPROCESSOR_DEFINITIONS = (
					"DEBUG=1",
					"$(inherited)",
				);
				GCC_WARN_64_TO_32_BIT_CONVERSION = YES;
				GCC_WARN_ABOUT_RETURN_TYPE = YES_ERROR;
				GCC_WARN_UNDECLARED_SELECTOR = YES;
				GCC_WARN_UNINITIALIZED_AUTOS = YES_AGGRESSIVE;
				GCC_WARN_UNUSED_FUNCTION = YES;
				GCC_WARN_UNUSED_VARIABLE = YES;
				IPHONEOS_DEPLOYMENT_TARGET = 14.2;
				MTL_ENABLE_DEBUG_INFO = INCLUDE_SOURCE;
				MTL_FAST_MATH = YES;
				ONLY_ACTIVE_ARCH = YES;
				SDKROOT = iphoneos;
				SWIFT_ACTIVE_COMPILATION_CONDITIONS = DEBUG;
				SWIFT_OPTIMIZATION_LEVEL = "-Onone";
			};
			name = Debug;
		};
		A41196602589E10900EFA17F /* Release */ = {
			isa = XCBuildConfiguration;
			buildSettings = {
				ALWAYS_SEARCH_USER_PATHS = NO;
				CLANG_ANALYZER_NONNULL = YES;
				CLANG_ANALYZER_NUMBER_OBJECT_CONVERSION = YES_AGGRESSIVE;
				CLANG_CXX_LANGUAGE_STANDARD = "gnu++14";
				CLANG_CXX_LIBRARY = "libc++";
				CLANG_ENABLE_MODULES = YES;
				CLANG_ENABLE_OBJC_ARC = YES;
				CLANG_ENABLE_OBJC_WEAK = YES;
				CLANG_WARN_BLOCK_CAPTURE_AUTORELEASING = YES;
				CLANG_WARN_BOOL_CONVERSION = YES;
				CLANG_WARN_COMMA = YES;
				CLANG_WARN_CONSTANT_CONVERSION = YES;
				CLANG_WARN_DEPRECATED_OBJC_IMPLEMENTATIONS = YES;
				CLANG_WARN_DIRECT_OBJC_ISA_USAGE = YES_ERROR;
				CLANG_WARN_DOCUMENTATION_COMMENTS = YES;
				CLANG_WARN_EMPTY_BODY = YES;
				CLANG_WARN_ENUM_CONVERSION = YES;
				CLANG_WARN_INFINITE_RECURSION = YES;
				CLANG_WARN_INT_CONVERSION = YES;
				CLANG_WARN_NON_LITERAL_NULL_CONVERSION = YES;
				CLANG_WARN_OBJC_IMPLICIT_RETAIN_SELF = YES;
				CLANG_WARN_OBJC_LITERAL_CONVERSION = YES;
				CLANG_WARN_OBJC_ROOT_CLASS = YES_ERROR;
				CLANG_WARN_QUOTED_INCLUDE_IN_FRAMEWORK_HEADER = YES;
				CLANG_WARN_RANGE_LOOP_ANALYSIS = YES;
				CLANG_WARN_STRICT_PROTOTYPES = YES;
				CLANG_WARN_SUSPICIOUS_MOVE = YES;
				CLANG_WARN_UNGUARDED_AVAILABILITY = YES_AGGRESSIVE;
				CLANG_WARN_UNREACHABLE_CODE = YES;
				CLANG_WARN__DUPLICATE_METHOD_MATCH = YES;
				COPY_PHASE_STRIP = NO;
				DEBUG_INFORMATION_FORMAT = "dwarf-with-dsym";
				ENABLE_NS_ASSERTIONS = NO;
				ENABLE_STRICT_OBJC_MSGSEND = YES;
				GCC_C_LANGUAGE_STANDARD = gnu11;
				GCC_NO_COMMON_BLOCKS = YES;
				GCC_WARN_64_TO_32_BIT_CONVERSION = YES;
				GCC_WARN_ABOUT_RETURN_TYPE = YES_ERROR;
				GCC_WARN_UNDECLARED_SELECTOR = YES;
				GCC_WARN_UNINITIALIZED_AUTOS = YES_AGGRESSIVE;
				GCC_WARN_UNUSED_FUNCTION = YES;
				GCC_WARN_UNUSED_VARIABLE = YES;
				IPHONEOS_DEPLOYMENT_TARGET = 14.2;
				MTL_ENABLE_DEBUG_INFO = NO;
				MTL_FAST_MATH = YES;
				SDKROOT = iphoneos;
				SWIFT_COMPILATION_MODE = wholemodule;
				SWIFT_OPTIMIZATION_LEVEL = "-O";
				VALIDATE_PRODUCT = YES;
			};
			name = Release;
		};
		A41196622589E10900EFA17F /* Debug */ = {
			isa = XCBuildConfiguration;
			buildSettings = {
				ASSETCATALOG_COMPILER_APPICON_NAME = AppIcon;
				ASSETCATALOG_COMPILER_GLOBAL_ACCENT_COLOR_NAME = AccentColor;
				CODE_SIGN_STYLE = Automatic;
				DEVELOPMENT_TEAM = 2Q39S762VC;
				INFOPLIST_FILE = HigherOrderFunctions/Info.plist;
				LD_RUNPATH_SEARCH_PATHS = (
					"$(inherited)",
					"@executable_path/Frameworks",
				);
				PRODUCT_BUNDLE_IDENTIFIER = com.sun.HigherOrderFunctions;
				PRODUCT_NAME = "$(TARGET_NAME)";
				SWIFT_VERSION = 5.0;
				TARGETED_DEVICE_FAMILY = "1,2";
			};
			name = Debug;
		};
		A41196632589E10900EFA17F /* Release */ = {
			isa = XCBuildConfiguration;
			buildSettings = {
				ASSETCATALOG_COMPILER_APPICON_NAME = AppIcon;
				ASSETCATALOG_COMPILER_GLOBAL_ACCENT_COLOR_NAME = AccentColor;
				CODE_SIGN_STYLE = Automatic;
				DEVELOPMENT_TEAM = 2Q39S762VC;
				INFOPLIST_FILE = HigherOrderFunctions/Info.plist;
				LD_RUNPATH_SEARCH_PATHS = (
					"$(inherited)",
					"@executable_path/Frameworks",
				);
				PRODUCT_BUNDLE_IDENTIFIER = com.sun.HigherOrderFunctions;
				PRODUCT_NAME = "$(TARGET_NAME)";
				SWIFT_VERSION = 5.0;
				TARGETED_DEVICE_FAMILY = "1,2";
			};
			name = Release;
		};
/* End XCBuildConfiguration section */

/* Begin XCConfigurationList section */
		A41196452589E10600EFA17F /* Build configuration list for PBXProject "HigherOrderFunctions" */ = {
			isa = XCConfigurationList;
			buildConfigurations = (
				A411965F2589E10900EFA17F /* Debug */,
				A41196602589E10900EFA17F /* Release */,
			);
			defaultConfigurationIsVisible = 0;
			defaultConfigurationName = Release;
		};
		A41196612589E10900EFA17F /* Build configuration list for PBXNativeTarget "HigherOrderFunctions" */ = {
			isa = XCConfigurationList;
			buildConfigurations = (
				A41196622589E10900EFA17F /* Debug */,
				A41196632589E10900EFA17F /* Release */,
			);
			defaultConfigurationIsVisible = 0;
			defaultConfigurationName = Release;
		};
/* End XCConfigurationList section */

/* Begin XCVersionGroup section */
		A41196562589E10600EFA17F /* HigherOrderFunctions.xcdatamodeld */ = {
			isa = XCVersionGroup;
			children = (
				A41196572589E10600EFA17F /* HigherOrderFunctions.xcdatamodel */,
			);
			currentVersion = A41196572589E10600EFA17F /* HigherOrderFunctions.xcdatamodel */;
			path = HigherOrderFunctions.xcdatamodeld;
			sourceTree = "<group>";
			versionGroupType = wrapper.xcdatamodel;
		};
/* End XCVersionGroup section */
	};
	rootObject = A41196422589E10600EFA17F /* Project object */;
}
